
Microsoft Visual Studio Solution File, Format Version 12.00
# Visual Studio Version 17
VisualStudioVersion = 17.5.33516.290
MinimumVisualStudioVersion = 10.0.40219.1
Project("{FAE04EC0-301F-11D3-BF4B-00C04F79EFBC}") = "AuxsineDesktopClient", "AuxsineDesktopClient\AuxsineDesktopClient.csproj", "{EEE1B185-5CEB-4663-AD1C-A366782395F8}"
EndProject
Global
	GlobalSection(SolutionConfigurationPlatforms) = preSolution
		Debug|Any CPU = Debug|Any CPU
		Release|Any CPU = Release|Any CPU
	EndGlobalSection
	GlobalSection(ProjectConfigurationPlatforms) = postSolution
		{EEE1B185-5CEB-4663-AD1C-A366782395F8}.Debug|Any CPU.ActiveCfg = Debug|Any CPU
		{EEE1B185-5CEB-4663-AD1C-A366782395F8}.Debug|Any CPU.Build.0 = Debug|Any CPU
		{EEE1B185-5CEB-4663-AD1C-A366782395F8}.Release|Any CPU.ActiveCfg = Release|Any CPU
		{EEE1B185-5CEB-4663-AD1C-A366782395F8}.Release|Any CPU.Build.0 = Release|Any CPU
	EndGlobalSection
	GlobalSection(SolutionProperties) = preSolution
		HideSolutionNode = FALSE
	EndGlobalSection
	GlobalSection(ExtensibilityGlobals) = postSolution
		SolutionGuid = {B8A0AA31-A9AF-4513-894C-34D8F2A95308}
	EndGlobalSection
EndGlobal
